// !$*UTF8*$!
{
	archiveVersion = 1;
	classes = {
	};
	objectVersion = 55;
	objects = {

/* Begin PBXBuildFile section */
		18BD235928C1D97200F66189 /* AppDelegate.swift in Sources */ = {isa = PBXBuildFile; fileRef = 18BD235828C1D97200F66189 /* AppDelegate.swift */; };
		18BD235B28C1D97200F66189 /* SceneDelegate.swift in Sources */ = {isa = PBXBuildFile; fileRef = 18BD235A28C1D97200F66189 /* SceneDelegate.swift */; };
		18BD235D28C1D97200F66189 /* ViewController.swift in Sources */ = {isa = PBXBuildFile; fileRef = 18BD235C28C1D97200F66189 /* ViewController.swift */; };
		18BD236028C1D97200F66189 /* Main.storyboard in Resources */ = {isa = PBXBuildFile; fileRef = 18BD235E28C1D97200F66189 /* Main.storyboard */; };
		18BD236328C1D97200F66189 /* alamofiretest.xcdatamodeld in Sources */ = {isa = PBXBuildFile; fileRef = 18BD236128C1D97200F66189 /* alamofiretest.xcdatamodeld */; };
		18BD236528C1D97400F66189 /* Assets.xcassets in Resources */ = {isa = PBXBuildFile; fileRef = 18BD236428C1D97400F66189 /* Assets.xcassets */; };
		18BD236828C1D97400F66189 /* LaunchScreen.storyboard in Resources */ = {isa = PBXBuildFile; fileRef = 18BD236628C1D97400F66189 /* LaunchScreen.storyboard */; };
		18BD237328C1D97400F66189 /* alamofiretestTests.swift in Sources */ = {isa = PBXBuildFile; fileRef = 18BD237228C1D97400F66189 /* alamofiretestTests.swift */; };
		18BD237D28C1D97400F66189 /* alamofiretestUITests.swift in Sources */ = {isa = PBXBuildFile; fileRef = 18BD237C28C1D97400F66189 /* alamofiretestUITests.swift */; };
		18BD237F28C1D97400F66189 /* alamofiretestUITestsLaunchTests.swift in Sources */ = {isa = PBXBuildFile; fileRef = 18BD237E28C1D97400F66189 /* alamofiretestUITestsLaunchTests.swift */; };
/* End PBXBuildFile section */

/* Begin PBXContainerItemProxy section */
		18BD236F28C1D97400F66189 /* PBXContainerItemProxy */ = {
			isa = PBXContainerItemProxy;
			containerPortal = 18BD234D28C1D97200F66189 /* Project object */;
			proxyType = 1;
			remoteGlobalIDString = 18BD235428C1D97200F66189;
			remoteInfo = alamofiretest;
		};
		18BD237928C1D97400F66189 /* PBXContainerItemProxy */ = {
			isa = PBXContainerItemProxy;
			containerPortal = 18BD234D28C1D97200F66189 /* Project object */;
			proxyType = 1;
			remoteGlobalIDString = 18BD235428C1D97200F66189;
			remoteInfo = alamofiretest;
		};
/* End PBXContainerItemProxy section */

/* Begin PBXFileReference section */
		18BD235528C1D97200F66189 /* alamofiretest.app */ = {isa = PBXFileReference; explicitFileType = wrapper.application; includeInIndex = 0; path = alamofiretest.app; sourceTree = BUILT_PRODUCTS_DIR; };
		18BD235828C1D97200F66189 /* AppDelegate.swift */ = {isa = PBXFileReference; lastKnownFileType = sourcecode.swift; path = AppDelegate.swift; sourceTree = "<group>"; };
		18BD235A28C1D97200F66189 /* SceneDelegate.swift */ = {isa = PBXFileReference; lastKnownFileType = sourcecode.swift; path = SceneDelegate.swift; sourceTree = "<group>"; };
		18BD235C28C1D97200F66189 /* ViewController.swift */ = {isa = PBXFileReference; lastKnownFileType = sourcecode.swift; path = ViewController.swift; sourceTree = "<group>"; };
		18BD235F28C1D97200F66189 /* Base */ = {isa = PBXFileReference; lastKnownFileType = file.storyboard; name = Base; path = Base.lproj/Main.storyboard; sourceTree = "<group>"; };
		18BD236228C1D97200F66189 /* alamofiretest.xcdatamodel */ = {isa = PBXFileReference; lastKnownFileType = wrapper.xcdatamodel; path = alamofiretest.xcdatamodel; sourceTree = "<group>"; };
		18BD236428C1D97400F66189 /* Assets.xcassets */ = {isa = PBXFileReference; lastKnownFileType = folder.assetcatalog; path = Assets.xcassets; sourceTree = "<group>"; };
		18BD236728C1D97400F66189 /* Base */ = {isa = PBXFileReference; lastKnownFileType = file.storyboard; name = Base; path = Base.lproj/LaunchScreen.storyboard; sourceTree = "<group>"; };
		18BD236928C1D97400F66189 /* Info.plist */ = {isa = PBXFileReference; lastKnownFileType = text.plist.xml; path = Info.plist; sourceTree = "<group>"; };
		18BD236E28C1D97400F66189 /* alamofiretestTests.xctest */ = {isa = PBXFileReference; explicitFileType = wrapper.cfbundle; includeInIndex = 0; path = alamofiretestTests.xctest; sourceTree = BUILT_PRODUCTS_DIR; };
		18BD237228C1D97400F66189 /* alamofiretestTests.swift */ = {isa = PBXFileReference; lastKnownFileType = sourcecode.swift; path = alamofiretestTests.swift; sourceTree = "<group>"; };
		18BD237828C1D97400F66189 /* alamofiretestUITests.xctest */ = {isa = PBXFileReference; explicitFileType = wrapper.cfbundle; includeInIndex = 0; path = alamofiretestUITests.xctest; sourceTree = BUILT_PRODUCTS_DIR; };
		18BD237C28C1D97400F66189 /* alamofiretestUITests.swift */ = {isa = PBXFileReference; lastKnownFileType = sourcecode.swift; path = alamofiretestUITests.swift; sourceTree = "<group>"; };
		18BD237E28C1D97400F66189 /* alamofiretestUITestsLaunchTests.swift */ = {isa = PBXFileReference; lastKnownFileType = sourcecode.swift; path = alamofiretestUITestsLaunchTests.swift; sourceTree = "<group>"; };
/* End PBXFileReference section */

/* Begin PBXFrameworksBuildPhase section */
		18BD235228C1D97200F66189 /* Frameworks */ = {
			isa = PBXFrameworksBuildPhase;
			buildActionMask = 2147483647;
			files = (
			);
			runOnlyForDeploymentPostprocessing = 0;
		};
		18BD236B28C1D97400F66189 /* Frameworks */ = {
			isa = PBXFrameworksBuildPhase;
			buildActionMask = 2147483647;
			files = (
			);
			runOnlyForDeploymentPostprocessing = 0;
		};
		18BD237528C1D97400F66189 /* Frameworks */ = {
			isa = PBXFrameworksBuildPhase;
			buildActionMask = 2147483647;
			files = (
			);
			runOnlyForDeploymentPostprocessing = 0;
		};
/* End PBXFrameworksBuildPhase section */

/* Begin PBXGroup section */
		18BD234C28C1D97200F66189 = {
			isa = PBXGroup;
			children = (
				18BD235728C1D97200F66189 /* alamofiretest */,
				18BD237128C1D97400F66189 /* alamofiretestTests */,
				18BD237B28C1D97400F66189 /* alamofiretestUITests */,
				18BD235628C1D97200F66189 /* Products */,
			);
			sourceTree = "<group>";
		};
		18BD235628C1D97200F66189 /* Products */ = {
			isa = PBXGroup;
			children = (
				18BD235528C1D97200F66189 /* alamofiretest.app */,
				18BD236E28C1D97400F66189 /* alamofiretestTests.xctest */,
				18BD237828C1D97400F66189 /* alamofiretestUITests.xctest */,
			);
			name = Products;
			sourceTree = "<group>";
		};
		18BD235728C1D97200F66189 /* alamofiretest */ = {
			isa = PBXGroup;
			children = (
				18BD235828C1D97200F66189 /* AppDelegate.swift */,
				18BD235A28C1D97200F66189 /* SceneDelegate.swift */,
				18BD235C28C1D97200F66189 /* ViewController.swift */,
				18BD235E28C1D97200F66189 /* Main.storyboard */,
				18BD236428C1D97400F66189 /* Assets.xcassets */,
				18BD236628C1D97400F66189 /* LaunchScreen.storyboard */,
				18BD236928C1D97400F66189 /* Info.plist */,
				18BD236128C1D97200F66189 /* alamofiretest.xcdatamodeld */,
			);
			path = alamofiretest;
			sourceTree = "<group>";
		};
		18BD237128C1D97400F66189 /* alamofiretestTests */ = {
			isa = PBXGroup;
			children = (
				18BD237228C1D97400F66189 /* alamofiretestTests.swift */,
			);
			path = alamofiretestTests;
			sourceTree = "<group>";
		};
		18BD237B28C1D97400F66189 /* alamofiretestUITests */ = {
			isa = PBXGroup;
			children = (
				18BD237C28C1D97400F66189 /* alamofiretestUITests.swift */,
				18BD237E28C1D97400F66189 /* alamofiretestUITestsLaunchTests.swift */,
			);
			path = alamofiretestUITests;
			sourceTree = "<group>";
		};
/* End PBXGroup section */

/* Begin PBXNativeTarget section */
		18BD235428C1D97200F66189 /* alamofiretest */ = {
			isa = PBXNativeTarget;
			buildConfigurationList = 18BD238228C1D97400F66189 /* Build configuration list for PBXNativeTarget "alamofiretest" */;
			buildPhases = (
				18BD235128C1D97200F66189 /* Sources */,
				18BD235228C1D97200F66189 /* Frameworks */,
				18BD235328C1D97200F66189 /* Resources */,
			);
			buildRules = (
			);
			dependencies = (
			);
			name = alamofiretest;
			productName = alamofiretest;
			productReference = 18BD235528C1D97200F66189 /* alamofiretest.app */;
			productType = "com.apple.product-type.application";
		};
		18BD236D28C1D97400F66189 /* alamofiretestTests */ = {
			isa = PBXNativeTarget;
			buildConfigurationList = 18BD238528C1D97400F66189 /* Build configuration list for PBXNativeTarget "alamofiretestTests" */;
			buildPhases = (
				18BD236A28C1D97400F66189 /* Sources */,
				18BD236B28C1D97400F66189 /* Frameworks */,
				18BD236C28C1D97400F66189 /* Resources */,
			);
			buildRules = (
			);
			dependencies = (
				18BD237028C1D97400F66189 /* PBXTargetDependency */,
			);
			name = alamofiretestTests;
			productName = alamofiretestTests;
			productReference = 18BD236E28C1D97400F66189 /* alamofiretestTests.xctest */;
			productType = "com.apple.product-type.bundle.unit-test";
		};
		18BD237728C1D97400F66189 /* alamofiretestUITests */ = {
			isa = PBXNativeTarget;
			buildConfigurationList = 18BD238828C1D97400F66189 /* Build configuration list for PBXNativeTarget "alamofiretestUITests" */;
			buildPhases = (
				18BD237428C1D97400F66189 /* Sources */,
				18BD237528C1D97400F66189 /* Frameworks */,
				18BD237628C1D97400F66189 /* Resources */,
			);
			buildRules = (
			);
			dependencies = (
				18BD237A28C1D97400F66189 /* PBXTargetDependency */,
			);
			name = alamofiretestUITests;
			productName = alamofiretestUITests;
			productReference = 18BD237828C1D97400F66189 /* alamofiretestUITests.xctest */;
			productType = "com.apple.product-type.bundle.ui-testing";
		};
/* End PBXNativeTarget section */

/* Begin PBXProject section */
		18BD234D28C1D97200F66189 /* Project object */ = {
			isa = PBXProject;
			attributes = {
				BuildIndependentTargetsInParallel = 1;
				LastSwiftUpdateCheck = 1320;
				LastUpgradeCheck = 1320;
				TargetAttributes = {
					18BD235428C1D97200F66189 = {
						CreatedOnToolsVersion = 13.2.1;
					};
					18BD236D28C1D97400F66189 = {
						CreatedOnToolsVersion = 13.2.1;
						TestTargetID = 18BD235428C1D97200F66189;
					};
					18BD237728C1D97400F66189 = {
						CreatedOnToolsVersion = 13.2.1;
						TestTargetID = 18BD235428C1D97200F66189;
					};
				};
			};
			buildConfigurationList = 18BD235028C1D97200F66189 /* Build configuration list for PBXProject "alamofiretest" */;
			compatibilityVersion = "Xcode 13.0";
			developmentRegion = en;
			hasScannedForEncodings = 0;
			knownRegions = (
				en,
				Base,
			);
			mainGroup = 18BD234C28C1D97200F66189;
			productRefGroup = 18BD235628C1D97200F66189 /* Products */;
			projectDirPath = "";
			projectRoot = "";
			targets = (
				18BD235428C1D97200F66189 /* alamofiretest */,
				18BD236D28C1D97400F66189 /* alamofiretestTests */,
				18BD237728C1D97400F66189 /* alamofiretestUITests */,
			);
		};
/* End PBXProject section */

/* Begin PBXResourcesBuildPhase section */
		18BD235328C1D97200F66189 /* Resources */ = {
			isa = PBXResourcesBuildPhase;
			buildActionMask = 2147483647;
			files = (
				18BD236828C1D97400F66189 /* LaunchScreen.storyboard in Resources */,
				18BD236528C1D97400F66189 /* Assets.xcassets in Resources */,
				18BD236028C1D97200F66189 /* Main.storyboard in Resources */,
			);
			runOnlyForDeploymentPostprocessing = 0;
		};
		18BD236C28C1D97400F66189 /* Resources */ = {
			isa = PBXResourcesBuildPhase;
			buildActionMask = 2147483647;
			files = (
			);
			runOnlyForDeploymentPostprocessing = 0;
		};
		18BD237628C1D97400F66189 /* Resources */ = {
			isa = PBXResourcesBuildPhase;
			buildActionMask = 2147483647;
			files = (
			);
			runOnlyForDeploymentPostprocessing = 0;
		};
/* End PBXResourcesBuildPhase section */

/* Begin PBXSourcesBuildPhase section */
		18BD235128C1D97200F66189 /* Sources */ = {
			isa = PBXSourcesBuildPhase;
			buildActionMask = 2147483647;
			files = (
				18BD235D28C1D97200F66189 /* ViewController.swift in Sources */,
				18BD235928C1D97200F66189 /* AppDelegate.swift in Sources */,
				18BD236328C1D97200F66189 /* alamofiretest.xcdatamodeld in Sources */,
				18BD235B28C1D97200F66189 /* SceneDelegate.swift in Sources */,
			);
			runOnlyForDeploymentPostprocessing = 0;
		};
		18BD236A28C1D97400F66189 /* Sources */ = {
			isa = PBXSourcesBuildPhase;
			buildActionMask = 2147483647;
			files = (
				18BD237328C1D97400F66189 /* alamofiretestTests.swift in Sources */,
			);
			runOnlyForDeploymentPostprocessing = 0;
		};
		18BD237428C1D97400F66189 /* Sources */ = {
			isa = PBXSourcesBuildPhase;
			buildActionMask = 2147483647;
			files = (
				18BD237D28C1D97400F66189 /* alamofiretestUITests.swift in Sources */,
				18BD237F28C1D97400F66189 /* alamofiretestUITestsLaunchTests.swift in Sources */,
			);
			runOnlyForDeploymentPostprocessing = 0;
		};
/* End PBXSourcesBuildPhase section */

/* Begin PBXTargetDependency section */
		18BD237028C1D97400F66189 /* PBXTargetDependency */ = {
			isa = PBXTargetDependency;
			target = 18BD235428C1D97200F66189 /* alamofiretest */;
			targetProxy = 18BD236F28C1D97400F66189 /* PBXContainerItemProxy */;
		};
		18BD237A28C1D97400F66189 /* PBXTargetDependency */ = {
			isa = PBXTargetDependency;
			target = 18BD235428C1D97200F66189 /* alamofiretest */;
			targetProxy = 18BD237928C1D97400F66189 /* PBXContainerItemProxy */;
		};
/* End PBXTargetDependency section */

/* Begin PBXVariantGroup section */
		18BD235E28C1D97200F66189 /* Main.storyboard */ = {
			isa = PBXVariantGroup;
			children = (
				18BD235F28C1D97200F66189 /* Base */,
			);
			name = Main.storyboard;
			sourceTree = "<group>";
		};
		18BD236628C1D97400F66189 /* LaunchScreen.storyboard */ = {
			isa = PBXVariantGroup;
			children = (
				18BD236728C1D97400F66189 /* Base */,
			);
			name = LaunchScreen.storyboard;
			sourceTree = "<group>";
		};
/* End PBXVariantGroup section */

/* Begin XCBuildConfiguration section */
		18BD238028C1D97400F66189 /* Debug */ = {
			isa = XCBuildConfiguration;
			buildSettings = {
				ALWAYS_SEARCH_USER_PATHS = NO;
				CLANG_ANALYZER_NONNULL = YES;
				CLANG_ANALYZER_NUMBER_OBJECT_CONVERSION = YES_AGGRESSIVE;
				CLANG_CXX_LANGUAGE_STANDARD = "gnu++17";
				CLANG_CXX_LIBRARY = "libc++";
				CLANG_ENABLE_MODULES = YES;
				CLANG_ENABLE_OBJC_ARC = YES;
				CLANG_ENABLE_OBJC_WEAK = YES;
				CLANG_WARN_BLOCK_CAPTURE_AUTORELEASING = YES;
				CLANG_WARN_BOOL_CONVERSION = YES;
				CLANG_WARN_COMMA = YES;
				CLANG_WARN_CONSTANT_CONVERSION = YES;
				CLANG_WARN_DEPRECATED_OBJC_IMPLEMENTATIONS = YES;
				CLANG_WARN_DIRECT_OBJC_ISA_USAGE = YES_ERROR;
				CLANG_WARN_DOCUMENTATION_COMMENTS = YES;
				CLANG_WARN_EMPTY_BODY = YES;
				CLANG_WARN_ENUM_CONVERSION = YES;
				CLANG_WARN_INFINITE_RECURSION = YES;
				CLANG_WARN_INT_CONVERSION = YES;
				CLANG_WARN_NON_LITERAL_NULL_CONVERSION = YES;
				CLANG_WARN_OBJC_IMPLICIT_RETAIN_SELF = YES;
				CLANG_WARN_OBJC_LITERAL_CONVERSION = YES;
				CLANG_WARN_OBJC_ROOT_CLASS = YES_ERROR;
				CLANG_WARN_QUOTED_INCLUDE_IN_FRAMEWORK_HEADER = YES;
				CLANG_WARN_RANGE_LOOP_ANALYSIS = YES;
				CLANG_WARN_STRICT_PROTOTYPES = YES;
				CLANG_WARN_SUSPICIOUS_MOVE = YES;
				CLANG_WARN_UNGUARDED_AVAILABILITY = YES_AGGRESSIVE;
				CLANG_WARN_UNREACHABLE_CODE = YES;
				CLANG_WARN__DUPLICATE_METHOD_MATCH = YES;
				COPY_PHASE_STRIP = NO;
				DEBUG_INFORMATION_FORMAT = dwarf;
				ENABLE_STRICT_OBJC_MSGSEND = YES;
				ENABLE_TESTABILITY = YES;
				GCC_C_LANGUAGE_STANDARD = gnu11;
				GCC_DYNAMIC_NO_PIC = NO;
				GCC_NO_COMMON_BLOCKS = YES;
				GCC_OPTIMIZATION_LEVEL = 0;
				GCC_PREPROCESSOR_DEFINITIONS = (
					"DEBUG=1",
					"$(inherited)",
				);
				GCC_WARN_64_TO_32_BIT_CONVERSION = YES;
				GCC_WARN_ABOUT_RETURN_TYPE = YES_ERROR;
				GCC_WARN_UNDECLARED_SELECTOR = YES;
				GCC_WARN_UNINITIALIZED_AUTOS = YES_AGGRESSIVE;
				GCC_WARN_UNUSED_FUNCTION = YES;
				GCC_WARN_UNUSED_VARIABLE = YES;
				IPHONEOS_DEPLOYMENT_TARGET = 15.2;
				MTL_ENABLE_DEBUG_INFO = INCLUDE_SOURCE;
				MTL_FAST_MATH = YES;
				ONLY_ACTIVE_ARCH = YES;
				SDKROOT = iphoneos;
				SWIFT_ACTIVE_COMPILATION_CONDITIONS = DEBUG;
				SWIFT_OPTIMIZATION_LEVEL = "-Onone";
			};
			name = Debug;
		};
		18BD238128C1D97400F66189 /* Release */ = {
			isa = XCBuildConfiguration;
			buildSettings = {
				ALWAYS_SEARCH_USER_PATHS = NO;
				CLANG_ANALYZER_NONNULL = YES;
				CLANG_ANALYZER_NUMBER_OBJECT_CONVERSION = YES_AGGRESSIVE;
				CLANG_CXX_LANGUAGE_STANDARD = "gnu++17";
				CLANG_CXX_LIBRARY = "libc++";
				CLANG_ENABLE_MODULES = YES;
				CLANG_ENABLE_OBJC_ARC = YES;
				CLANG_ENABLE_OBJC_WEAK = YES;
				CLANG_WARN_BLOCK_CAPTURE_AUTORELEASING = YES;
				CLANG_WARN_BOOL_CONVERSION = YES;
				CLANG_WARN_COMMA = YES;
				CLANG_WARN_CONSTANT_CONVERSION = YES;
				CLANG_WARN_DEPRECATED_OBJC_IMPLEMENTATIONS = YES;
				CLANG_WARN_DIRECT_OBJC_ISA_USAGE = YES_ERROR;
				CLANG_WARN_DOCUMENTATION_COMMENTS = YES;
				CLANG_WARN_EMPTY_BODY = YES;
				CLANG_WARN_ENUM_CONVERSION = YES;
				CLANG_WARN_INFINITE_RECURSION = YES;
				CLANG_WARN_INT_CONVERSION = YES;
				CLANG_WARN_NON_LITERAL_NULL_CONVERSION = YES;
				CLANG_WARN_OBJC_IMPLICIT_RETAIN_SELF = YES;
				CLANG_WARN_OBJC_LITERAL_CONVERSION = YES;
				CLANG_WARN_OBJC_ROOT_CLASS = YES_ERROR;
				CLANG_WARN_QUOTED_INCLUDE_IN_FRAMEWORK_HEADER = YES;
				CLANG_WARN_RANGE_LOOP_ANALYSIS = YES;
				CLANG_WARN_STRICT_PROTOTYPES = YES;
				CLANG_WARN_SUSPICIOUS_MOVE = YES;
				CLANG_WARN_UNGUARDED_AVAILABILITY = YES_AGGRESSIVE;
				CLANG_WARN_UNREACHABLE_CODE = YES;
				CLANG_WARN__DUPLICATE_METHOD_MATCH = YES;
				COPY_PHASE_STRIP = NO;
				DEBUG_INFORMATION_FORMAT = "dwarf-with-dsym";
				ENABLE_NS_ASSERTIONS = NO;
				ENABLE_STRICT_OBJC_MSGSEND = YES;
				GCC_C_LANGUAGE_STANDARD = gnu11;
				GCC_NO_COMMON_BLOCKS = YES;
				GCC_WARN_64_TO_32_BIT_CONVERSION = YES;
				GCC_WARN_ABOUT_RETURN_TYPE = YES_ERROR;
				GCC_WARN_UNDECLARED_SELECTOR = YES;
				GCC_WARN_UNINITIALIZED_AUTOS = YES_AGGRESSIVE;
				GCC_WARN_UNUSED_FUNCTION = YES;
				GCC_WARN_UNUSED_VARIABLE = YES;
				IPHONEOS_DEPLOYMENT_TARGET = 15.2;
				MTL_ENABLE_DEBUG_INFO = NO;
				MTL_FAST_MATH = YES;
				SDKROOT = iphoneos;
				SWIFT_COMPILATION_MODE = wholemodule;
				SWIFT_OPTIMIZATION_LEVEL = "-O";
				VALIDATE_PRODUCT = YES;
			};
			name = Release;
		};
		18BD238328C1D97400F66189 /* Debug */ = {
			isa = XCBuildConfiguration;
			buildSettings = {
				ASSETCATALOG_COMPILER_APPICON_NAME = AppIcon;
				ASSETCATALOG_COMPILER_GLOBAL_ACCENT_COLOR_NAME = AccentColor;
				CODE_SIGN_STYLE = Automatic;
				CURRENT_PROJECT_VERSION = 1;
				DEVELOPMENT_TEAM = 3XC632973S;
				GENERATE_INFOPLIST_FILE = YES;
				INFOPLIST_FILE = alamofiretest/Info.plist;
				INFOPLIST_KEY_UIApplicationSupportsIndirectInputEvents = YES;
				INFOPLIST_KEY_UILaunchStoryboardName = LaunchScreen;
				INFOPLIST_KEY_UIMainStoryboardFile = Main;
				INFOPLIST_KEY_UISupportedInterfaceOrientations_iPad = "UIInterfaceOrientationPortrait UIInterfaceOrientationPortraitUpsideDown UIInterfaceOrientationLandscapeLeft UIInterfaceOrientationLandscapeRight";
				INFOPLIST_KEY_UISupportedInterfaceOrientations_iPhone = "UIInterfaceOrientationPortrait UIInterfaceOrientationLandscapeLeft UIInterfaceOrientationLandscapeRight";
				LD_RUNPATH_SEARCH_PATHS = (
					"$(inherited)",
					"@executable_path/Frameworks",
				);
				MARKETING_VERSION = 1.0;
				PRODUCT_BUNDLE_IDENTIFIER = com.Sevenchats.alamofiretest;
				PRODUCT_NAME = "$(TARGET_NAME)";
				SWIFT_EMIT_LOC_STRINGS = YES;
				SWIFT_VERSION = 5.0;
				TARGETED_DEVICE_FAMILY = "1,2";
			};
			name = Debug;
		};
		18BD238428C1D97400F66189 /* Release */ = {
			isa = XCBuildConfiguration;
			buildSettings = {
				ASSETCATALOG_COMPILER_APPICON_NAME = AppIcon;
				ASSETCATALOG_COMPILER_GLOBAL_ACCENT_COLOR_NAME = AccentColor;
				CODE_SIGN_STYLE = Automatic;
				CURRENT_PROJECT_VERSION = 1;
				DEVELOPMENT_TEAM = 3XC632973S;
				GENERATE_INFOPLIST_FILE = YES;
				INFOPLIST_FILE = alamofiretest/Info.plist;
				INFOPLIST_KEY_UIApplicationSupportsIndirectInputEvents = YES;
				INFOPLIST_KEY_UILaunchStoryboardName = LaunchScreen;
				INFOPLIST_KEY_UIMainStoryboardFile = Main;
				INFOPLIST_KEY_UISupportedInterfaceOrientations_iPad = "UIInterfaceOrientationPortrait UIInterfaceOrientationPortraitUpsideDown UIInterfaceOrientationLandscapeLeft UIInterfaceOrientationLandscapeRight";
				INFOPLIST_KEY_UISupportedInterfaceOrientations_iPhone = "UIInterfaceOrientationPortrait UIInterfaceOrientationLandscapeLeft UIInterfaceOrientationLandscapeRight";
				LD_RUNPATH_SEARCH_PATHS = (
					"$(inherited)",
					"@executable_path/Frameworks",
				);
				MARKETING_VERSION = 1.0;
				PRODUCT_BUNDLE_IDENTIFIER = com.Sevenchats.alamofiretest;
				PRODUCT_NAME = "$(TARGET_NAME)";
				SWIFT_EMIT_LOC_STRINGS = YES;
				SWIFT_VERSION = 5.0;
				TARGETED_DEVICE_FAMILY = "1,2";
			};
			name = Release;
		};
		18BD238628C1D97400F66189 /* Debug */ = {
			isa = XCBuildConfiguration;
			buildSettings = {
				ALWAYS_EMBED_SWIFT_STANDARD_LIBRARIES = YES;
				BUNDLE_LOADER = "$(TEST_HOST)";
				CODE_SIGN_STYLE = Automatic;
				CURRENT_PROJECT_VERSION = 1;
				DEVELOPMENT_TEAM = 3XC632973S;
				GENERATE_INFOPLIST_FILE = YES;
				IPHONEOS_DEPLOYMENT_TARGET = 15.2;
				MARKETING_VERSION = 1.0;
				PRODUCT_BUNDLE_IDENTIFIER = com.Sevenchats.alamofiretestTests;
				PRODUCT_NAME = "$(TARGET_NAME)";
				SWIFT_EMIT_LOC_STRINGS = NO;
				SWIFT_VERSION = 5.0;
				TARGETED_DEVICE_FAMILY = "1,2";
				TEST_HOST = "$(BUILT_PRODUCTS_DIR)/alamofiretest.app/alamofiretest";
			};
			name = Debug;
		};
		18BD238728C1D97400F66189 /* Release */ = {
			isa = XCBuildConfiguration;
			buildSettings = {
				ALWAYS_EMBED_SWIFT_STANDARD_LIBRARIES = YES;
				BUNDLE_LOADER = "$(TEST_HOST)";
				CODE_SIGN_STYLE = Automatic;
				CURRENT_PROJECT_VERSION = 1;
				DEVELOPMENT_TEAM = 3XC632973S;
				GENERATE_INFOPLIST_FILE = YES;
				IPHONEOS_DEPLOYMENT_TARGET = 15.2;
				MARKETING_VERSION = 1.0;
				PRODUCT_BUNDLE_IDENTIFIER = com.Sevenchats.alamofiretestTests;
				PRODUCT_NAME = "$(TARGET_NAME)";
				SWIFT_EMIT_LOC_STRINGS = NO;
				SWIFT_VERSION = 5.0;
				TARGETED_DEVICE_FAMILY = "1,2";
				TEST_HOST = "$(BUILT_PRODUCTS_DIR)/alamofiretest.app/alamofiretest";
			};
			name = Release;
		};
		18BD238928C1D97400F66189 /* Debug */ = {
			isa = XCBuildConfiguration;
			buildSettings = {
				ALWAYS_EMBED_SWIFT_STANDARD_LIBRARIES = YES;
				CODE_SIGN_STYLE = Automatic;
				CURRENT_PROJECT_VERSION = 1;
				DEVELOPMENT_TEAM = 3XC632973S;
				GENERATE_INFOPLIST_FILE = YES;
				MARKETING_VERSION = 1.0;
				PRODUCT_BUNDLE_IDENTIFIER = com.Sevenchats.alamofiretestUITests;
				PRODUCT_NAME = "$(TARGET_NAME)";
				SWIFT_EMIT_LOC_STRINGS = NO;
				SWIFT_VERSION = 5.0;
				TARGETED_DEVICE_FAMILY = "1,2";
				TEST_TARGET_NAME = alamofiretest;
			};
			name = Debug;
		};
		18BD238A28C1D97400F66189 /* Release */ = {
			isa = XCBuildConfiguration;
			buildSettings = {
				ALWAYS_EMBED_SWIFT_STANDARD_LIBRARIES = YES;
				CODE_SIGN_STYLE = Automatic;
				CURRENT_PROJECT_VERSION = 1;
				DEVELOPMENT_TEAM = 3XC632973S;
				GENERATE_INFOPLIST_FILE = YES;
				MARKETING_VERSION = 1.0;
				PRODUCT_BUNDLE_IDENTIFIER = com.Sevenchats.alamofiretestUITests;
				PRODUCT_NAME = "$(TARGET_NAME)";
				SWIFT_EMIT_LOC_STRINGS = NO;
				SWIFT_VERSION = 5.0;
				TARGETED_DEVICE_FAMILY = "1,2";
				TEST_TARGET_NAME = alamofiretest;
			};
			name = Release;
		};
/* End XCBuildConfiguration section */

/* Begin XCConfigurationList section */
		18BD235028C1D97200F66189 /* Build configuration list for PBXProject "alamofiretest" */ = {
			isa = XCConfigurationList;
			buildConfigurations = (
				18BD238028C1D97400F66189 /* Debug */,
				18BD238128C1D97400F66189 /* Release */,
			);
			defaultConfigurationIsVisible = 0;
			defaultConfigurationName = Release;
		};
		18BD238228C1D97400F66189 /* Build configuration list for PBXNativeTarget "alamofiretest" */ = {
			isa = XCConfigurationList;
			buildConfigurations = (
				18BD238328C1D97400F66189 /* Debug */,
				18BD238428C1D97400F66189 /* Release */,
			);
			defaultConfigurationIsVisible = 0;
			defaultConfigurationName = Release;
		};
		18BD238528C1D97400F66189 /* Build configuration list for PBXNativeTarget "alamofiretestTests" */ = {
			isa = XCConfigurationList;
			buildConfigurations = (
				18BD238628C1D97400F66189 /* Debug */,
				18BD238728C1D97400F66189 /* Release */,
			);
			defaultConfigurationIsVisible = 0;
			defaultConfigurationName = Release;
		};
		18BD238828C1D97400F66189 /* Build configuration list for PBXNativeTarget "alamofiretestUITests" */ = {
			isa = XCConfigurationList;
			buildConfigurations = (
				18BD238928C1D97400F66189 /* Debug */,
				18BD238A28C1D97400F66189 /* Release */,
			);
			defaultConfigurationIsVisible = 0;
			defaultConfigurationName = Release;
		};
/* End XCConfigurationList section */

/* Begin XCVersionGroup section */
		18BD236128C1D97200F66189 /* alamofiretest.xcdatamodeld */ = {
			isa = XCVersionGroup;
			children = (
				18BD236228C1D97200F66189 /* alamofiretest.xcdatamodel */,
			);
			currentVersion = 18BD236228C1D97200F66189 /* alamofiretest.xcdatamodel */;
			path = alamofiretest.xcdatamodeld;
			sourceTree = "<group>";
			versionGroupType = wrapper.xcdatamodel;
		};
/* End XCVersionGroup section */
	};
	rootObject = 18BD234D28C1D97200F66189 /* Project object */;
}
